
Microsoft Visual Studio Solution File, Format Version 12.00
# Visual Studio Version 17
VisualStudioVersion = 17.8.34525.116
MinimumVisualStudioVersion = 10.0.40219.1
Project("{FAE04EC0-301F-11D3-BF4B-00C04F79EFBC}") = "Odev5OgrenciOtomasyonWF", "Odev5OgrenciOtomasyonWF\Odev5OgrenciOtomasyonWF.csproj", "{B4934F6F-B3D5-4D65-B3E9-CBAEEDF09A7A}"
EndProject
Global
	GlobalSection(SolutionConfigurationPlatforms) = preSolution
		Debug|Any CPU = Debug|Any CPU
		Release|Any CPU = Release|Any CPU
	EndGlobalSection
	GlobalSection(ProjectConfigurationPlatforms) = postSolution
		{B4934F6F-B3D5-4D65-B3E9-CBAEEDF09A7A}.Debug|Any CPU.ActiveCfg = Debug|Any CPU
		{B4934F6F-B3D5-4D65-B3E9-CBAEEDF09A7A}.Debug|Any CPU.Build.0 = Debug|Any CPU
		{B4934F6F-B3D5-4D65-B3E9-CBAEEDF09A7A}.Release|Any CPU.ActiveCfg = Release|Any CPU
		{B4934F6F-B3D5-4D65-B3E9-CBAEEDF09A7A}.Release|Any CPU.Build.0 = Release|Any CPU
	EndGlobalSection
	GlobalSection(SolutionProperties) = preSolution
		HideSolutionNode = FALSE
	EndGlobalSection
	GlobalSection(ExtensibilityGlobals) = postSolution
		SolutionGuid = {832C36D5-EC38-4413-A6C1-28D4CC615EFE}
	EndGlobalSection
EndGlobal
